
Microsoft Visual Studio Solution File, Format Version 12.00
# Visual Studio Version 17
VisualStudioVersion = 17.0.31903.59
MinimumVisualStudioVersion = 10.0.40219.1
Project("{2150E333-8FDC-42A3-9474-1A3956D46DE8}") = "src", "src", "{2C9E879B-D7CF-40E9-911F-558292E163CB}"
EndProject
Project("{2150E333-8FDC-42A3-9474-1A3956D46DE8}") = "Core", "Core", "{96EF59E1-0C77-47E7-92B7-1AABE9188A49}"
EndProject
Project("{FAE04EC0-301F-11D3-BF4B-00C04F79EFBC}") = "GloboTicket.TicketManagement.Domain", "src\Core\GloboTicket.TicketManagement.Domain\GloboTicket.TicketManagement.Domain.csproj", "{F4DFA6AA-203A-4FAD-B334-70A4FAC21603}"
EndProject
Project("{FAE04EC0-301F-11D3-BF4B-00C04F79EFBC}") = "GloboTicket.TicketManagement.Application", "src\Core\GloboTicket.TicketManagement.Application\GloboTicket.TicketManagement.Application.csproj", "{B1BA00B1-40A4-4944-8B40-0AF53665FB38}"
EndProject
Global
	GlobalSection(SolutionConfigurationPlatforms) = preSolution
		Debug|Any CPU = Debug|Any CPU
		Release|Any CPU = Release|Any CPU
	EndGlobalSection
	GlobalSection(SolutionProperties) = preSolution
		HideSolutionNode = FALSE
	EndGlobalSection
	GlobalSection(ProjectConfigurationPlatforms) = postSolution
		{F4DFA6AA-203A-4FAD-B334-70A4FAC21603}.Debug|Any CPU.ActiveCfg = Debug|Any CPU
		{F4DFA6AA-203A-4FAD-B334-70A4FAC21603}.Debug|Any CPU.Build.0 = Debug|Any CPU
		{F4DFA6AA-203A-4FAD-B334-70A4FAC21603}.Release|Any CPU.ActiveCfg = Release|Any CPU
		{F4DFA6AA-203A-4FAD-B334-70A4FAC21603}.Release|Any CPU.Build.0 = Release|Any CPU
		{B1BA00B1-40A4-4944-8B40-0AF53665FB38}.Debug|Any CPU.ActiveCfg = Debug|Any CPU
		{B1BA00B1-40A4-4944-8B40-0AF53665FB38}.Debug|Any CPU.Build.0 = Debug|Any CPU
		{B1BA00B1-40A4-4944-8B40-0AF53665FB38}.Release|Any CPU.ActiveCfg = Release|Any CPU
		{B1BA00B1-40A4-4944-8B40-0AF53665FB38}.Release|Any CPU.Build.0 = Release|Any CPU
	EndGlobalSection
	GlobalSection(NestedProjects) = preSolution
		{96EF59E1-0C77-47E7-92B7-1AABE9188A49} = {2C9E879B-D7CF-40E9-911F-558292E163CB}
		{F4DFA6AA-203A-4FAD-B334-70A4FAC21603} = {96EF59E1-0C77-47E7-92B7-1AABE9188A49}
		{B1BA00B1-40A4-4944-8B40-0AF53665FB38} = {96EF59E1-0C77-47E7-92B7-1AABE9188A49}
	EndGlobalSection
EndGlobal
